
Microsoft Visual Studio Solution File, Format Version 12.00
# Visual Studio Version 16
VisualStudioVersion = 16.0.30804.86
MinimumVisualStudioVersion = 10.0.40219.1
Project("{FAE04EC0-301F-11D3-BF4B-00C04F79EFBC}") = "DocumentService", "DocumentService.csproj", "{0C05088C-9E33-46EE-8059-3C68A3C779DF}"
EndProject
Global
	GlobalSection(SolutionConfigurationPlatforms) = preSolution
		Debug|Any CPU = Debug|Any CPU
		Release|Any CPU = Release|Any CPU
	EndGlobalSection
	GlobalSection(ProjectConfigurationPlatforms) = postSolution
		{0C05088C-9E33-46EE-8059-3C68A3C779DF}.Debug|Any CPU.ActiveCfg = Debug|Any CPU
		{0C05088C-9E33-46EE-8059-3C68A3C779DF}.Debug|Any CPU.Build.0 = Debug|Any CPU
		{0C05088C-9E33-46EE-8059-3C68A3C779DF}.Release|Any CPU.ActiveCfg = Release|Any CPU
		{0C05088C-9E33-46EE-8059-3C68A3C779DF}.Release|Any CPU.Build.0 = Release|Any CPU
	EndGlobalSection
	GlobalSection(SolutionProperties) = preSolution
		HideSolutionNode = FALSE
	EndGlobalSection
	GlobalSection(ExtensibilityGlobals) = postSolution
		SolutionGuid = {2525FC1B-A630-4C3B-8826-9011B0E566E4}
	EndGlobalSection
EndGlobal
